// !$*UTF8*$!
{
	archiveVersion = 1;
	classes = {
	};
	objectVersion = 50;
	objects = {

/* Begin PBXBuildFile section */
		655868922199DFA800AC0A8B /* AppDelegate.swift in Sources */ = {isa = PBXBuildFile; fileRef = 655868912199DFA800AC0A8B /* AppDelegate.swift */; };
		655868942199DFA800AC0A8B /* ViewController.swift in Sources */ = {isa = PBXBuildFile; fileRef = 655868932199DFA800AC0A8B /* ViewController.swift */; };
		655868972199DFA800AC0A8B /* Main.storyboard in Resources */ = {isa = PBXBuildFile; fileRef = 655868952199DFA800AC0A8B /* Main.storyboard */; };
		655868992199DFAE00AC0A8B /* Assets.xcassets in Resources */ = {isa = PBXBuildFile; fileRef = 655868982199DFAE00AC0A8B /* Assets.xcassets */; };
		6558689C2199DFAE00AC0A8B /* LaunchScreen.storyboard in Resources */ = {isa = PBXBuildFile; fileRef = 6558689A2199DFAE00AC0A8B /* LaunchScreen.storyboard */; };
/* End PBXBuildFile section */

/* Begin PBXFileReference section */
		6558688E2199DFA800AC0A8B /* iOS-jsonFlatMap.app */ = {isa = PBXFileReference; explicitFileType = wrapper.application; includeInIndex = 0; path = "iOS-jsonFlatMap.app"; sourceTree = BUILT_PRODUCTS_DIR; };
		655868912199DFA800AC0A8B /* AppDelegate.swift */ = {isa = PBXFileReference; lastKnownFileType = sourcecode.swift; path = AppDelegate.swift; sourceTree = "<group>"; };
		655868932199DFA800AC0A8B /* ViewController.swift */ = {isa = PBXFileReference; lastKnownFileType = sourcecode.swift; path = ViewController.swift; sourceTree = "<group>"; };
		655868962199DFA800AC0A8B /* Base */ = {isa = PBXFileReference; lastKnownFileType = file.storyboard; name = Base; path = Base.lproj/Main.storyboard; sourceTree = "<group>"; };
		655868982199DFAE00AC0A8B /* Assets.xcassets */ = {isa = PBXFileReference; lastKnownFileType = folder.assetcatalog; path = Assets.xcassets; sourceTree = "<group>"; };
		6558689B2199DFAE00AC0A8B /* Base */ = {isa = PBXFileReference; lastKnownFileType = file.storyboard; name = Base; path = Base.lproj/LaunchScreen.storyboard; sourceTree = "<group>"; };
		6558689D2199DFAE00AC0A8B /* Info.plist */ = {isa = PBXFileReference; lastKnownFileType = text.plist.xml; path = Info.plist; sourceTree = "<group>"; };
/* End PBXFileReference section */

/* Begin PBXFrameworksBuildPhase section */
		6558688B2199DFA800AC0A8B /* Frameworks */ = {
			isa = PBXFrameworksBuildPhase;
			buildActionMask = 2147483647;
			files = (
			);
			runOnlyForDeploymentPostprocessing = 0;
		};
/* End PBXFrameworksBuildPhase section */

/* Begin PBXGroup section */
		655868852199DFA800AC0A8B = {
			isa = PBXGroup;
			children = (
				655868902199DFA800AC0A8B /* iOS-jsonFlatMap */,
				6558688F2199DFA800AC0A8B /* Products */,
			);
			sourceTree = "<group>";
		};
		6558688F2199DFA800AC0A8B /* Products */ = {
			isa = PBXGroup;
			children = (
				6558688E2199DFA800AC0A8B /* iOS-jsonFlatMap.app */,
			);
			name = Products;
			sourceTree = "<group>";
		};
		655868902199DFA800AC0A8B /* iOS-jsonFlatMap */ = {
			isa = PBXGroup;
			children = (
				655868912199DFA800AC0A8B /* AppDelegate.swift */,
				655868932199DFA800AC0A8B /* ViewController.swift */,
				655868952199DFA800AC0A8B /* Main.storyboard */,
				655868982199DFAE00AC0A8B /* Assets.xcassets */,
				6558689A2199DFAE00AC0A8B /* LaunchScreen.storyboard */,
				6558689D2199DFAE00AC0A8B /* Info.plist */,
			);
			path = "iOS-jsonFlatMap";
			sourceTree = "<group>";
		};
/* End PBXGroup section */

/* Begin PBXNativeTarget section */
		6558688D2199DFA800AC0A8B /* iOS-jsonFlatMap */ = {
			isa = PBXNativeTarget;
			buildConfigurationList = 655868A02199DFAE00AC0A8B /* Build configuration list for PBXNativeTarget "iOS-jsonFlatMap" */;
			buildPhases = (
				6558688A2199DFA800AC0A8B /* Sources */,
				6558688B2199DFA800AC0A8B /* Frameworks */,
				6558688C2199DFA800AC0A8B /* Resources */,
			);
			buildRules = (
			);
			dependencies = (
			);
			name = "iOS-jsonFlatMap";
			productName = "iOS-jsonFlatMap";
			productReference = 6558688E2199DFA800AC0A8B /* iOS-jsonFlatMap.app */;
			productType = "com.apple.product-type.application";
		};
/* End PBXNativeTarget section */

/* Begin PBXProject section */
		655868862199DFA800AC0A8B /* Project object */ = {
			isa = PBXProject;
			attributes = {
				LastSwiftUpdateCheck = 1010;
				LastUpgradeCheck = 1010;
				ORGANIZATIONNAME = Kish;
				TargetAttributes = {
					6558688D2199DFA800AC0A8B = {
						CreatedOnToolsVersion = 10.1;
					};
				};
			};
			buildConfigurationList = 655868892199DFA800AC0A8B /* Build configuration list for PBXProject "iOS-jsonFlatMap" */;
			compatibilityVersion = "Xcode 9.3";
			developmentRegion = en;
			hasScannedForEncodings = 0;
			knownRegions = (
				en,
				Base,
			);
			mainGroup = 655868852199DFA800AC0A8B;
			productRefGroup = 6558688F2199DFA800AC0A8B /* Products */;
			projectDirPath = "";
			projectRoot = "";
			targets = (
				6558688D2199DFA800AC0A8B /* iOS-jsonFlatMap */,
			);
		};
/* End PBXProject section */

/* Begin PBXResourcesBuildPhase section */
		6558688C2199DFA800AC0A8B /* Resources */ = {
			isa = PBXResourcesBuildPhase;
			buildActionMask = 2147483647;
			files = (
				6558689C2199DFAE00AC0A8B /* LaunchScreen.storyboard in Resources */,
				655868992199DFAE00AC0A8B /* Assets.xcassets in Resources */,
				655868972199DFA800AC0A8B /* Main.storyboard in Resources */,
			);
			runOnlyForDeploymentPostprocessing = 0;
		};
/* End PBXResourcesBuildPhase section */

/* Begin PBXSourcesBuildPhase section */
		6558688A2199DFA800AC0A8B /* Sources */ = {
			isa = PBXSourcesBuildPhase;
			buildActionMask = 2147483647;
			files = (
				655868942199DFA800AC0A8B /* ViewController.swift in Sources */,
				655868922199DFA800AC0A8B /* AppDelegate.swift in Sources */,
			);
			runOnlyForDeploymentPostprocessing = 0;
		};
/* End PBXSourcesBuildPhase section */

/* Begin PBXVariantGroup section */
		655868952199DFA800AC0A8B /* Main.storyboard */ = {
			isa = PBXVariantGroup;
			children = (
				655868962199DFA800AC0A8B /* Base */,
			);
			name = Main.storyboard;
			sourceTree = "<group>";
		};
		6558689A2199DFAE00AC0A8B /* LaunchScreen.storyboard */ = {
			isa = PBXVariantGroup;
			children = (
				6558689B2199DFAE00AC0A8B /* Base */,
			);
			name = LaunchScreen.storyboard;
			sourceTree = "<group>";
		};
/* End PBXVariantGroup section */

/* Begin XCBuildConfiguration section */
		6558689E2199DFAE00AC0A8B /* Debug */ = {
			isa = XCBuildConfiguration;
			buildSettings = {
				ALWAYS_SEARCH_USER_PATHS = NO;
				CLANG_ANALYZER_NONNULL = YES;
				CLANG_ANALYZER_NUMBER_OBJECT_CONVERSION = YES_AGGRESSIVE;
				CLANG_CXX_LANGUAGE_STANDARD = "gnu++14";
				CLANG_CXX_LIBRARY = "libc++";
				CLANG_ENABLE_MODULES = YES;
				CLANG_ENABLE_OBJC_ARC = YES;
				CLANG_ENABLE_OBJC_WEAK = YES;
				CLANG_WARN_BLOCK_CAPTURE_AUTORELEASING = YES;
				CLANG_WARN_BOOL_CONVERSION = YES;
				CLANG_WARN_COMMA = YES;
				CLANG_WARN_CONSTANT_CONVERSION = YES;
				CLANG_WARN_DEPRECATED_OBJC_IMPLEMENTATIONS = YES;
				CLANG_WARN_DIRECT_OBJC_ISA_USAGE = YES_ERROR;
				CLANG_WARN_DOCUMENTATION_COMMENTS = YES;
				CLANG_WARN_EMPTY_BODY = YES;
				CLANG_WARN_ENUM_CONVERSION = YES;
				CLANG_WARN_INFINITE_RECURSION = YES;
				CLANG_WARN_INT_CONVERSION = YES;
				CLANG_WARN_NON_LITERAL_NULL_CONVERSION = YES;
				CLANG_WARN_OBJC_IMPLICIT_RETAIN_SELF = YES;
				CLANG_WARN_OBJC_LITERAL_CONVERSION = YES;
				CLANG_WARN_OBJC_ROOT_CLASS = YES_ERROR;
				CLANG_WARN_RANGE_LOOP_ANALYSIS = YES;
				CLANG_WARN_STRICT_PROTOTYPES = YES;
				CLANG_WARN_SUSPICIOUS_MOVE = YES;
				CLANG_WARN_UNGUARDED_AVAILABILITY = YES_AGGRESSIVE;
				CLANG_WARN_UNREACHABLE_CODE = YES;
				CLANG_WARN__DUPLICATE_METHOD_MATCH = YES;
				CODE_SIGN_IDENTITY = "iPhone Developer";
				COPY_PHASE_STRIP = NO;
				DEBUG_INFORMATION_FORMAT = dwarf;
				ENABLE_STRICT_OBJC_MSGSEND = YES;
				ENABLE_TESTABILITY = YES;
				GCC_C_LANGUAGE_STANDARD = gnu11;
				GCC_DYNAMIC_NO_PIC = NO;
				GCC_NO_COMMON_BLOCKS = YES;
				GCC_OPTIMIZATION_LEVEL = 0;
				GCC_PREPROCESSOR_DEFINITIONS = (
					"DEBUG=1",
					"$(inherited)",
				);
				GCC_WARN_64_TO_32_BIT_CONVERSION = YES;
				GCC_WARN_ABOUT_RETURN_TYPE = YES_ERROR;
				GCC_WARN_UNDECLARED_SELECTOR = YES;
				GCC_WARN_UNINITIALIZED_AUTOS = YES_AGGRESSIVE;
				GCC_WARN_UNUSED_FUNCTION = YES;
				GCC_WARN_UNUSED_VARIABLE = YES;
				IPHONEOS_DEPLOYMENT_TARGET = 12.1;
				MTL_ENABLE_DEBUG_INFO = INCLUDE_SOURCE;
				MTL_FAST_MATH = YES;
				ONLY_ACTIVE_ARCH = YES;
				SDKROOT = iphoneos;
				SWIFT_ACTIVE_COMPILATION_CONDITIONS = DEBUG;
				SWIFT_OPTIMIZATION_LEVEL = "-Onone";
			};
			name = Debug;
		};
		6558689F2199DFAE00AC0A8B /* Release */ = {
			isa = XCBuildConfiguration;
			buildSettings = {
				ALWAYS_SEARCH_USER_PATHS = NO;
				CLANG_ANALYZER_NONNULL = YES;
				CLANG_ANALYZER_NUMBER_OBJECT_CONVERSION = YES_AGGRESSIVE;
				CLANG_CXX_LANGUAGE_STANDARD = "gnu++14";
				CLANG_CXX_LIBRARY = "libc++";
				CLANG_ENABLE_MODULES = YES;
				CLANG_ENABLE_OBJC_ARC = YES;
				CLANG_ENABLE_OBJC_WEAK = YES;
				CLANG_WARN_BLOCK_CAPTURE_AUTORELEASING = YES;
				CLANG_WARN_BOOL_CONVERSION = YES;
				CLANG_WARN_COMMA = YES;
				CLANG_WARN_CONSTANT_CONVERSION = YES;
				CLANG_WARN_DEPRECATED_OBJC_IMPLEMENTATIONS = YES;
				CLANG_WARN_DIRECT_OBJC_ISA_USAGE = YES_ERROR;
				CLANG_WARN_DOCUMENTATION_COMMENTS = YES;
				CLANG_WARN_EMPTY_BODY = YES;
				CLANG_WARN_ENUM_CONVERSION = YES;
				CLANG_WARN_INFINITE_RECURSION = YES;
				CLANG_WARN_INT_CONVERSION = YES;
				CLANG_WARN_NON_LITERAL_NULL_CONVERSION = YES;
				CLANG_WARN_OBJC_IMPLICIT_RETAIN_SELF = YES;
				CLANG_WARN_OBJC_LITERAL_CONVERSION = YES;
				CLANG_WARN_OBJC_ROOT_CLASS = YES_ERROR;
				CLANG_WARN_RANGE_LOOP_ANALYSIS = YES;
				CLANG_WARN_STRICT_PROTOTYPES = YES;
				CLANG_WARN_SUSPICIOUS_MOVE = YES;
				CLANG_WARN_UNGUARDED_AVAILABILITY = YES_AGGRESSIVE;
				CLANG_WARN_UNREACHABLE_CODE = YES;
				CLANG_WARN__DUPLICATE_METHOD_MATCH = YES;
				CODE_SIGN_IDENTITY = "iPhone Developer";
				COPY_PHASE_STRIP = NO;
				DEBUG_INFORMATION_FORMAT = "dwarf-with-dsym";
				ENABLE_NS_ASSERTIONS = NO;
				ENABLE_STRICT_OBJC_MSGSEND = YES;
				GCC_C_LANGUAGE_STANDARD = gnu11;
				GCC_NO_COMMON_BLOCKS = YES;
				GCC_WARN_64_TO_32_BIT_CONVERSION = YES;
				GCC_WARN_ABOUT_RETURN_TYPE = YES_ERROR;
				GCC_WARN_UNDECLARED_SELECTOR = YES;
				GCC_WARN_UNINITIALIZED_AUTOS = YES_AGGRESSIVE;
				GCC_WARN_UNUSED_FUNCTION = YES;
				GCC_WARN_UNUSED_VARIABLE = YES;
				IPHONEOS_DEPLOYMENT_TARGET = 12.1;
				MTL_ENABLE_DEBUG_INFO = NO;
				MTL_FAST_MATH = YES;
				SDKROOT = iphoneos;
				SWIFT_COMPILATION_MODE = wholemodule;
				SWIFT_OPTIMIZATION_LEVEL = "-O";
				VALIDATE_PRODUCT = YES;
			};
			name = Release;
		};
		655868A12199DFAE00AC0A8B /* Debug */ = {
			isa = XCBuildConfiguration;
			buildSettings = {
				ASSETCATALOG_COMPILER_APPICON_NAME = AppIcon;
				CODE_SIGN_STYLE = Automatic;
				INFOPLIST_FILE = "iOS-jsonFlatMap/Info.plist";
				LD_RUNPATH_SEARCH_PATHS = (
					"$(inherited)",
					"@executable_path/Frameworks",
				);
				PRODUCT_BUNDLE_IDENTIFIER = "com.goindu.iOS-jsonFlatMap";
				PRODUCT_NAME = "$(TARGET_NAME)";
				SWIFT_VERSION = 4.2;
				TARGETED_DEVICE_FAMILY = "1,2";
			};
			name = Debug;
		};
		655868A22199DFAE00AC0A8B /* Release */ = {
			isa = XCBuildConfiguration;
			buildSettings = {
				ASSETCATALOG_COMPILER_APPICON_NAME = AppIcon;
				CODE_SIGN_STYLE = Automatic;
				INFOPLIST_FILE = "iOS-jsonFlatMap/Info.plist";
				LD_RUNPATH_SEARCH_PATHS = (
					"$(inherited)",
					"@executable_path/Frameworks",
				);
				PRODUCT_BUNDLE_IDENTIFIER = "com.goindu.iOS-jsonFlatMap";
				PRODUCT_NAME = "$(TARGET_NAME)";
				SWIFT_VERSION = 4.2;
				TARGETED_DEVICE_FAMILY = "1,2";
			};
			name = Release;
		};
/* End XCBuildConfiguration section */

/* Begin XCConfigurationList section */
		655868892199DFA800AC0A8B /* Build configuration list for PBXProject "iOS-jsonFlatMap" */ = {
			isa = XCConfigurationList;
			buildConfigurations = (
				6558689E2199DFAE00AC0A8B /* Debug */,
				6558689F2199DFAE00AC0A8B /* Release */,
			);
			defaultConfigurationIsVisible = 0;
			defaultConfigurationName = Release;
		};
		655868A02199DFAE00AC0A8B /* Build configuration list for PBXNativeTarget "iOS-jsonFlatMap" */ = {
			isa = XCConfigurationList;
			buildConfigurations = (
				655868A12199DFAE00AC0A8B /* Debug */,
				655868A22199DFAE00AC0A8B /* Release */,
			);
			defaultConfigurationIsVisible = 0;
			defaultConfigurationName = Release;
		};
/* End XCConfigurationList section */
	};
	rootObject = 655868862199DFA800AC0A8B /* Project object */;
}
